// !$*UTF8*$!
{
	archiveVersion = 1;
	classes = {
	};
	objectVersion = 50;
	objects = {

/* Begin PBXBuildFile section */
		49690A39206F8B7D00663D73 /* CoreDataResults.framework in Frameworks */ = {isa = PBXBuildFile; fileRef = 49690A2F206F8B7D00663D73 /* CoreDataResults.framework */; };
		49690A3E206F8B7D00663D73 /* CoreDataResultsTests.swift in Sources */ = {isa = PBXBuildFile; fileRef = 49690A3D206F8B7D00663D73 /* CoreDataResultsTests.swift */; };
		49690A40206F8B7D00663D73 /* CoreDataResults.h in Headers */ = {isa = PBXBuildFile; fileRef = 49690A32206F8B7D00663D73 /* CoreDataResults.h */; settings = {ATTRIBUTES = (Public, ); }; };
		49690A55206F8FB800663D73 /* QueryResult.swift in Sources */ = {isa = PBXBuildFile; fileRef = 49690A51206F8FB800663D73 /* QueryResult.swift */; };
		49690A56206F8FB800663D73 /* Entity.swift in Sources */ = {isa = PBXBuildFile; fileRef = 49690A52206F8FB800663D73 /* Entity.swift */; };
		49690A57206F8FB800663D73 /* Extensions.swift in Sources */ = {isa = PBXBuildFile; fileRef = 49690A53206F8FB800663D73 /* Extensions.swift */; };
		49690A58206F8FB800663D73 /* Query.swift in Sources */ = {isa = PBXBuildFile; fileRef = 49690A54206F8FB800663D73 /* Query.swift */; };
/* End PBXBuildFile section */

/* Begin PBXContainerItemProxy section */
		49690A3A206F8B7D00663D73 /* PBXContainerItemProxy */ = {
			isa = PBXContainerItemProxy;
			containerPortal = 49690A26206F8B7D00663D73 /* Project object */;
			proxyType = 1;
			remoteGlobalIDString = 49690A2E206F8B7D00663D73;
			remoteInfo = CoreDataResults;
		};
/* End PBXContainerItemProxy section */

/* Begin PBXFileReference section */
		493137E42206C2B4007954F7 /* README.md */ = {isa = PBXFileReference; lastKnownFileType = net.daringfireball.markdown; path = README.md; sourceTree = "<group>"; };
		49690A2F206F8B7D00663D73 /* CoreDataResults.framework */ = {isa = PBXFileReference; explicitFileType = wrapper.framework; includeInIndex = 0; path = CoreDataResults.framework; sourceTree = BUILT_PRODUCTS_DIR; };
		49690A32206F8B7D00663D73 /* CoreDataResults.h */ = {isa = PBXFileReference; lastKnownFileType = sourcecode.c.h; path = CoreDataResults.h; sourceTree = "<group>"; };
		49690A33206F8B7D00663D73 /* Info.plist */ = {isa = PBXFileReference; lastKnownFileType = text.plist.xml; path = Info.plist; sourceTree = "<group>"; };
		49690A38206F8B7D00663D73 /* CoreDataResultsTests.xctest */ = {isa = PBXFileReference; explicitFileType = wrapper.cfbundle; includeInIndex = 0; path = CoreDataResultsTests.xctest; sourceTree = BUILT_PRODUCTS_DIR; };
		49690A3D206F8B7D00663D73 /* CoreDataResultsTests.swift */ = {isa = PBXFileReference; lastKnownFileType = sourcecode.swift; path = CoreDataResultsTests.swift; sourceTree = "<group>"; };
		49690A3F206F8B7D00663D73 /* Info.plist */ = {isa = PBXFileReference; lastKnownFileType = text.plist.xml; path = Info.plist; sourceTree = "<group>"; };
		49690A51206F8FB800663D73 /* QueryResult.swift */ = {isa = PBXFileReference; fileEncoding = 4; lastKnownFileType = sourcecode.swift; path = QueryResult.swift; sourceTree = "<group>"; };
		49690A52206F8FB800663D73 /* Entity.swift */ = {isa = PBXFileReference; fileEncoding = 4; lastKnownFileType = sourcecode.swift; path = Entity.swift; sourceTree = "<group>"; };
		49690A53206F8FB800663D73 /* Extensions.swift */ = {isa = PBXFileReference; fileEncoding = 4; lastKnownFileType = sourcecode.swift; path = Extensions.swift; sourceTree = "<group>"; };
		49690A54206F8FB800663D73 /* Query.swift */ = {isa = PBXFileReference; fileEncoding = 4; lastKnownFileType = sourcecode.swift; path = Query.swift; sourceTree = "<group>"; };
/* End PBXFileReference section */

/* Begin PBXFrameworksBuildPhase section */
		49690A2B206F8B7D00663D73 /* Frameworks */ = {
			isa = PBXFrameworksBuildPhase;
			buildActionMask = 2147483647;
			files = (
			);
			runOnlyForDeploymentPostprocessing = 0;
		};
		49690A35206F8B7D00663D73 /* Frameworks */ = {
			isa = PBXFrameworksBuildPhase;
			buildActionMask = 2147483647;
			files = (
				49690A39206F8B7D00663D73 /* CoreDataResults.framework in Frameworks */,
			);
			runOnlyForDeploymentPostprocessing = 0;
		};
/* End PBXFrameworksBuildPhase section */

/* Begin PBXGroup section */
		49690A25206F8B7D00663D73 = {
			isa = PBXGroup;
			children = (
				493137E42206C2B4007954F7 /* README.md */,
				49690A31206F8B7D00663D73 /* CoreDataResults */,
				49690A3C206F8B7D00663D73 /* CoreDataResultsTests */,
				49690A30206F8B7D00663D73 /* Products */,
			);
			sourceTree = "<group>";
		};
		49690A30206F8B7D00663D73 /* Products */ = {
			isa = PBXGroup;
			children = (
				49690A2F206F8B7D00663D73 /* CoreDataResults.framework */,
				49690A38206F8B7D00663D73 /* CoreDataResultsTests.xctest */,
			);
			name = Products;
			sourceTree = "<group>";
		};
		49690A31206F8B7D00663D73 /* CoreDataResults */ = {
			isa = PBXGroup;
			children = (
				49690A52206F8FB800663D73 /* Entity.swift */,
				49690A53206F8FB800663D73 /* Extensions.swift */,
				49690A54206F8FB800663D73 /* Query.swift */,
				49690A51206F8FB800663D73 /* QueryResult.swift */,
				49690A32206F8B7D00663D73 /* CoreDataResults.h */,
				49690A33206F8B7D00663D73 /* Info.plist */,
			);
			path = CoreDataResults;
			sourceTree = "<group>";
		};
		49690A3C206F8B7D00663D73 /* CoreDataResultsTests */ = {
			isa = PBXGroup;
			children = (
				49690A3D206F8B7D00663D73 /* CoreDataResultsTests.swift */,
				49690A3F206F8B7D00663D73 /* Info.plist */,
			);
			path = CoreDataResultsTests;
			sourceTree = "<group>";
		};
/* End PBXGroup section */

/* Begin PBXHeadersBuildPhase section */
		49690A2C206F8B7D00663D73 /* Headers */ = {
			isa = PBXHeadersBuildPhase;
			buildActionMask = 2147483647;
			files = (
				49690A40206F8B7D00663D73 /* CoreDataResults.h in Headers */,
			);
			runOnlyForDeploymentPostprocessing = 0;
		};
/* End PBXHeadersBuildPhase section */

/* Begin PBXNativeTarget section */
		49690A2E206F8B7D00663D73 /* CoreDataResults */ = {
			isa = PBXNativeTarget;
			buildConfigurationList = 49690A43206F8B7D00663D73 /* Build configuration list for PBXNativeTarget "CoreDataResults" */;
			buildPhases = (
				49690A2A206F8B7D00663D73 /* Sources */,
				49690A2B206F8B7D00663D73 /* Frameworks */,
				49690A2C206F8B7D00663D73 /* Headers */,
				49690A2D206F8B7D00663D73 /* Resources */,
			);
			buildRules = (
			);
			dependencies = (
			);
			name = CoreDataResults;
			productName = CoreDataResults;
			productReference = 49690A2F206F8B7D00663D73 /* CoreDataResults.framework */;
			productType = "com.apple.product-type.framework";
		};
		49690A37206F8B7D00663D73 /* CoreDataResultsTests */ = {
			isa = PBXNativeTarget;
			buildConfigurationList = 49690A46206F8B7D00663D73 /* Build configuration list for PBXNativeTarget "CoreDataResultsTests" */;
			buildPhases = (
				49690A34206F8B7D00663D73 /* Sources */,
				49690A35206F8B7D00663D73 /* Frameworks */,
				49690A36206F8B7D00663D73 /* Resources */,
			);
			buildRules = (
			);
			dependencies = (
				49690A3B206F8B7D00663D73 /* PBXTargetDependency */,
			);
			name = CoreDataResultsTests;
			productName = CoreDataResultsTests;
			productReference = 49690A38206F8B7D00663D73 /* CoreDataResultsTests.xctest */;
			productType = "com.apple.product-type.bundle.unit-test";
		};
/* End PBXNativeTarget section */

/* Begin PBXProject section */
		49690A26206F8B7D00663D73 /* Project object */ = {
			isa = PBXProject;
			attributes = {
				LastSwiftUpdateCheck = 0930;
				LastUpgradeCheck = 1300;
				ORGANIZATIONNAME = Dexagogo;
				TargetAttributes = {
					49690A2E206F8B7D00663D73 = {
						CreatedOnToolsVersion = 9.3;
						LastSwiftMigration = 1030;
					};
					49690A37206F8B7D00663D73 = {
						CreatedOnToolsVersion = 9.3;
						LastSwiftMigration = 1030;
					};
				};
			};
			buildConfigurationList = 49690A29206F8B7D00663D73 /* Build configuration list for PBXProject "CoreDataResults" */;
			compatibilityVersion = "Xcode 9.3";
			developmentRegion = en;
			hasScannedForEncodings = 0;
			knownRegions = (
				en,
				Base,
			);
			mainGroup = 49690A25206F8B7D00663D73;
			productRefGroup = 49690A30206F8B7D00663D73 /* Products */;
			projectDirPath = "";
			projectRoot = "";
			targets = (
				49690A2E206F8B7D00663D73 /* CoreDataResults */,
				49690A37206F8B7D00663D73 /* CoreDataResultsTests */,
			);
		};
/* End PBXProject section */

/* Begin PBXResourcesBuildPhase section */
		49690A2D206F8B7D00663D73 /* Resources */ = {
			isa = PBXResourcesBuildPhase;
			buildActionMask = 2147483647;
			files = (
			);
			runOnlyForDeploymentPostprocessing = 0;
		};
		49690A36206F8B7D00663D73 /* Resources */ = {
			isa = PBXResourcesBuildPhase;
			buildActionMask = 2147483647;
			files = (
			);
			runOnlyForDeploymentPostprocessing = 0;
		};
/* End PBXResourcesBuildPhase section */

/* Begin PBXSourcesBuildPhase section */
		49690A2A206F8B7D00663D73 /* Sources */ = {
			isa = PBXSourcesBuildPhase;
			buildActionMask = 2147483647;
			files = (
				49690A58206F8FB800663D73 /* Query.swift in Sources */,
				49690A56206F8FB800663D73 /* Entity.swift in Sources */,
				49690A57206F8FB800663D73 /* Extensions.swift in Sources */,
				49690A55206F8FB800663D73 /* QueryResult.swift in Sources */,
			);
			runOnlyForDeploymentPostprocessing = 0;
		};
		49690A34206F8B7D00663D73 /* Sources */ = {
			isa = PBXSourcesBuildPhase;
			buildActionMask = 2147483647;
			files = (
				49690A3E206F8B7D00663D73 /* CoreDataResultsTests.swift in Sources */,
			);
			runOnlyForDeploymentPostprocessing = 0;
		};
/* End PBXSourcesBuildPhase section */

/* Begin PBXTargetDependency section */
		49690A3B206F8B7D00663D73 /* PBXTargetDependency */ = {
			isa = PBXTargetDependency;
			target = 49690A2E206F8B7D00663D73 /* CoreDataResults */;
			targetProxy = 49690A3A206F8B7D00663D73 /* PBXContainerItemProxy */;
		};
/* End PBXTargetDependency section */

/* Begin XCBuildConfiguration section */
		49690A41206F8B7D00663D73 /* Debug */ = {
			isa = XCBuildConfiguration;
			buildSettings = {
				ALWAYS_SEARCH_USER_PATHS = NO;
				CLANG_ANALYZER_NONNULL = YES;
				CLANG_ANALYZER_NUMBER_OBJECT_CONVERSION = YES_AGGRESSIVE;
				CLANG_CXX_LANGUAGE_STANDARD = "gnu++14";
				CLANG_CXX_LIBRARY = "libc++";
				CLANG_ENABLE_MODULES = YES;
				CLANG_ENABLE_OBJC_ARC = YES;
				CLANG_ENABLE_OBJC_WEAK = YES;
				CLANG_WARN_BLOCK_CAPTURE_AUTORELEASING = YES;
				CLANG_WARN_BOOL_CONVERSION = YES;
				CLANG_WARN_COMMA = YES;
				CLANG_WARN_CONSTANT_CONVERSION = YES;
				CLANG_WARN_DEPRECATED_OBJC_IMPLEMENTATIONS = YES;
				CLANG_WARN_DIRECT_OBJC_ISA_USAGE = YES_ERROR;
				CLANG_WARN_DOCUMENTATION_COMMENTS = YES;
				CLANG_WARN_EMPTY_BODY = YES;
				CLANG_WARN_ENUM_CONVERSION = YES;
				CLANG_WARN_INFINITE_RECURSION = YES;
				CLANG_WARN_INT_CONVERSION = YES;
				CLANG_WARN_NON_LITERAL_NULL_CONVERSION = YES;
				CLANG_WARN_OBJC_IMPLICIT_RETAIN_SELF = YES;
				CLANG_WARN_OBJC_LITERAL_CONVERSION = YES;
				CLANG_WARN_OBJC_ROOT_CLASS = YES_ERROR;
				CLANG_WARN_QUOTED_INCLUDE_IN_FRAMEWORK_HEADER = YES;
				CLANG_WARN_RANGE_LOOP_ANALYSIS = YES;
				CLANG_WARN_STRICT_PROTOTYPES = YES;
				CLANG_WARN_SUSPICIOUS_MOVE = YES;
				CLANG_WARN_UNGUARDED_AVAILABILITY = YES_AGGRESSIVE;
				CLANG_WARN_UNREACHABLE_CODE = YES;
				CLANG_WARN__DUPLICATE_METHOD_MATCH = YES;
				CODE_SIGN_IDENTITY = "iPhone Developer";
				COPY_PHASE_STRIP = NO;
				CURRENT_PROJECT_VERSION = 1;
				DEBUG_INFORMATION_FORMAT = dwarf;
				ENABLE_STRICT_OBJC_MSGSEND = YES;
				ENABLE_TESTABILITY = YES;
				GCC_C_LANGUAGE_STANDARD = gnu11;
				GCC_DYNAMIC_NO_PIC = NO;
				GCC_NO_COMMON_BLOCKS = YES;
				GCC_OPTIMIZATION_LEVEL = 0;
				GCC_PREPROCESSOR_DEFINITIONS = (
					"DEBUG=1",
					"$(inherited)",
				);
				GCC_WARN_64_TO_32_BIT_CONVERSION = YES;
				GCC_WARN_ABOUT_RETURN_TYPE = YES_ERROR;
				GCC_WARN_UNDECLARED_SELECTOR = YES;
				GCC_WARN_UNINITIALIZED_AUTOS = YES_AGGRESSIVE;
				GCC_WARN_UNUSED_FUNCTION = YES;
				GCC_WARN_UNUSED_VARIABLE = YES;
				IPHONEOS_DEPLOYMENT_TARGET = 13.0;
				MTL_ENABLE_DEBUG_INFO = YES;
				ONLY_ACTIVE_ARCH = YES;
				SDKROOT = iphoneos;
				SWIFT_ACTIVE_COMPILATION_CONDITIONS = DEBUG;
				SWIFT_OPTIMIZATION_LEVEL = "-Onone";
				VERSIONING_SYSTEM = "apple-generic";
				VERSION_INFO_PREFIX = "";
			};
			name = Debug;
		};
		49690A42206F8B7D00663D73 /* Release */ = {
			isa = XCBuildConfiguration;
			buildSettings = {
				ALWAYS_SEARCH_USER_PATHS = NO;
				CLANG_ANALYZER_NONNULL = YES;
				CLANG_ANALYZER_NUMBER_OBJECT_CONVERSION = YES_AGGRESSIVE;
				CLANG_CXX_LANGUAGE_STANDARD = "gnu++14";
				CLANG_CXX_LIBRARY = "libc++";
				CLANG_ENABLE_MODULES = YES;
				CLANG_ENABLE_OBJC_ARC = YES;
				CLANG_ENABLE_OBJC_WEAK = YES;
				CLANG_WARN_BLOCK_CAPTURE_AUTORELEASING = YES;
				CLANG_WARN_BOOL_CONVERSION = YES;
				CLANG_WARN_COMMA = YES;
				CLANG_WARN_CONSTANT_CONVERSION = YES;
				CLANG_WARN_DEPRECATED_OBJC_IMPLEMENTATIONS = YES;
				CLANG_WARN_DIRECT_OBJC_ISA_USAGE = YES_ERROR;
				CLANG_WARN_DOCUMENTATION_COMMENTS = YES;
				CLANG_WARN_EMPTY_BODY = YES;
				CLANG_WARN_ENUM_CONVERSION = YES;
				CLANG_WARN_INFINITE_RECURSION = YES;
				CLANG_WARN_INT_CONVERSION = YES;
				CLANG_WARN_NON_LITERAL_NULL_CONVERSION = YES;
				CLANG_WARN_OBJC_IMPLICIT_RETAIN_SELF = YES;
				CLANG_WARN_OBJC_LITERAL_CONVERSION = YES;
				CLANG_WARN_OBJC_ROOT_CLASS = YES_ERROR;
				CLANG_WARN_QUOTED_INCLUDE_IN_FRAMEWORK_HEADER = YES;
				CLANG_WARN_RANGE_LOOP_ANALYSIS = YES;
				CLANG_WARN_STRICT_PROTOTYPES = YES;
				CLANG_WARN_SUSPICIOUS_MOVE = YES;
				CLANG_WARN_UNGUARDED_AVAILABILITY = YES_AGGRESSIVE;
				CLANG_WARN_UNREACHABLE_CODE = YES;
				CLANG_WARN__DUPLICATE_METHOD_MATCH = YES;
				CODE_SIGN_IDENTITY = "iPhone Developer";
				COPY_PHASE_STRIP = NO;
				CURRENT_PROJECT_VERSION = 1;
				DEBUG_INFORMATION_FORMAT = "dwarf-with-dsym";
				ENABLE_NS_ASSERTIONS = NO;
				ENABLE_STRICT_OBJC_MSGSEND = YES;
				GCC_C_LANGUAGE_STANDARD = gnu11;
				GCC_NO_COMMON_BLOCKS = YES;
				GCC_WARN_64_TO_32_BIT_CONVERSION = YES;
				GCC_WARN_ABOUT_RETURN_TYPE = YES_ERROR;
				GCC_WARN_UNDECLARED_SELECTOR = YES;
				GCC_WARN_UNINITIALIZED_AUTOS = YES_AGGRESSIVE;
				GCC_WARN_UNUSED_FUNCTION = YES;
				GCC_WARN_UNUSED_VARIABLE = YES;
				IPHONEOS_DEPLOYMENT_TARGET = 13.0;
				MTL_ENABLE_DEBUG_INFO = NO;
				SDKROOT = iphoneos;
				SWIFT_COMPILATION_MODE = wholemodule;
				SWIFT_OPTIMIZATION_LEVEL = "-O";
				VALIDATE_PRODUCT = YES;
				VERSIONING_SYSTEM = "apple-generic";
				VERSION_INFO_PREFIX = "";
			};
			name = Release;
		};
		49690A44206F8B7D00663D73 /* Debug */ = {
			isa = XCBuildConfiguration;
			buildSettings = {
				CLANG_ENABLE_MODULES = YES;
				CODE_SIGN_IDENTITY = "";
				CODE_SIGN_STYLE = Automatic;
				DEFINES_MODULE = YES;
				DEVELOPMENT_TEAM = "";
				DYLIB_COMPATIBILITY_VERSION = 1;
				DYLIB_CURRENT_VERSION = 1;
				DYLIB_INSTALL_NAME_BASE = "@rpath";
				INFOPLIST_FILE = CoreDataResults/Info.plist;
				INSTALL_PATH = "$(LOCAL_LIBRARY_DIR)/Frameworks";
				IPHONEOS_DEPLOYMENT_TARGET = 13.0;
				LD_RUNPATH_SEARCH_PATHS = (
					"$(inherited)",
					"@executable_path/Frameworks",
					"@loader_path/Frameworks",
				);
				PRODUCT_BUNDLE_IDENTIFIER = com.dexagogo.CoreDataResults;
				PRODUCT_NAME = "$(TARGET_NAME:c99extidentifier)";
				SKIP_INSTALL = YES;
				SWIFT_OPTIMIZATION_LEVEL = "-Onone";
				SWIFT_VERSION = 5.0;
				TARGETED_DEVICE_FAMILY = "1,2";
			};
			name = Debug;
		};
		49690A45206F8B7D00663D73 /* Release */ = {
			isa = XCBuildConfiguration;
			buildSettings = {
				CLANG_ENABLE_MODULES = YES;
				CODE_SIGN_IDENTITY = "";
				CODE_SIGN_STYLE = Automatic;
				DEFINES_MODULE = YES;
				DEVELOPMENT_TEAM = "";
				DYLIB_COMPATIBILITY_VERSION = 1;
				DYLIB_CURRENT_VERSION = 1;
				DYLIB_INSTALL_NAME_BASE = "@rpath";
				INFOPLIST_FILE = CoreDataResults/Info.plist;
				INSTALL_PATH = "$(LOCAL_LIBRARY_DIR)/Frameworks";
				IPHONEOS_DEPLOYMENT_TARGET = 13.0;
				LD_RUNPATH_SEARCH_PATHS = (
					"$(inherited)",
					"@executable_path/Frameworks",
					"@loader_path/Frameworks",
				);
				PRODUCT_BUNDLE_IDENTIFIER = com.dexagogo.CoreDataResults;
				PRODUCT_NAME = "$(TARGET_NAME:c99extidentifier)";
				SKIP_INSTALL = YES;
				SWIFT_VERSION = 5.0;
				TARGETED_DEVICE_FAMILY = "1,2";
			};
			name = Release;
		};
		49690A47206F8B7D00663D73 /* Debug */ = {
			isa = XCBuildConfiguration;
			buildSettings = {
				ALWAYS_EMBED_SWIFT_STANDARD_LIBRARIES = YES;
				CODE_SIGN_STYLE = Automatic;
				DEVELOPMENT_TEAM = WHYAM6NMLR;
				INFOPLIST_FILE = CoreDataResultsTests/Info.plist;
				LD_RUNPATH_SEARCH_PATHS = (
					"$(inherited)",
					"@executable_path/Frameworks",
					"@loader_path/Frameworks",
				);
				PRODUCT_BUNDLE_IDENTIFIER = com.dexagogo.CoreDataResultsTests;
				PRODUCT_NAME = "$(TARGET_NAME)";
				SWIFT_VERSION = 5.0;
				TARGETED_DEVICE_FAMILY = "1,2";
			};
			name = Debug;
		};
		49690A48206F8B7D00663D73 /* Release */ = {
			isa = XCBuildConfiguration;
			buildSettings = {
				ALWAYS_EMBED_SWIFT_STANDARD_LIBRARIES = YES;
				CODE_SIGN_STYLE = Automatic;
				DEVELOPMENT_TEAM = WHYAM6NMLR;
				INFOPLIST_FILE = CoreDataResultsTests/Info.plist;
				LD_RUNPATH_SEARCH_PATHS = (
					"$(inherited)",
					"@executable_path/Frameworks",
					"@loader_path/Frameworks",
				);
				PRODUCT_BUNDLE_IDENTIFIER = com.dexagogo.CoreDataResultsTests;
				PRODUCT_NAME = "$(TARGET_NAME)";
				SWIFT_VERSION = 5.0;
				TARGETED_DEVICE_FAMILY = "1,2";
			};
			name = Release;
		};
/* End XCBuildConfiguration section */

/* Begin XCConfigurationList section */
		49690A29206F8B7D00663D73 /* Build configuration list for PBXProject "CoreDataResults" */ = {
			isa = XCConfigurationList;
			buildConfigurations = (
				49690A41206F8B7D00663D73 /* Debug */,
				49690A42206F8B7D00663D73 /* Release */,
			);
			defaultConfigurationIsVisible = 0;
			defaultConfigurationName = Release;
		};
		49690A43206F8B7D00663D73 /* Build configuration list for PBXNativeTarget "CoreDataResults" */ = {
			isa = XCConfigurationList;
			buildConfigurations = (
				49690A44206F8B7D00663D73 /* Debug */,
				49690A45206F8B7D00663D73 /* Release */,
			);
			defaultConfigurationIsVisible = 0;
			defaultConfigurationName = Release;
		};
		49690A46206F8B7D00663D73 /* Build configuration list for PBXNativeTarget "CoreDataResultsTests" */ = {
			isa = XCConfigurationList;
			buildConfigurations = (
				49690A47206F8B7D00663D73 /* Debug */,
				49690A48206F8B7D00663D73 /* Release */,
			);
			defaultConfigurationIsVisible = 0;
			defaultConfigurationName = Release;
		};
/* End XCConfigurationList section */
	};
	rootObject = 49690A26206F8B7D00663D73 /* Project object */;
}
